// !$*UTF8*$!
{
	archiveVersion = 1;
	classes = {
	};
	objectVersion = 77;
	objects = {

/* Begin PBXBuildFile section */
		1A28D24AB989369F108011BF /* MessageRouter.swift in Sources */ = {isa = PBXBuildFile; fileRef = E5F1EE2DB0EA8E5B2959E866 /* MessageRouter.swift */; };
		6540148878FB273F6ABD0F11 /* ContentView.swift in Sources */ = {isa = PBXBuildFile; fileRef = 80F02AD524525284233CF578 /* ContentView.swift */; };
		C17C9B14B798262FE959F9E7 /* CortexApp.swift in Sources */ = {isa = PBXBuildFile; fileRef = 53E16599435F78B1D759D040 /* CortexApp.swift */; };
		EC5273343D7465AE5C839711 /* CortexCore in Frameworks */ = {isa = PBXBuildFile; productRef = 43220FAF72045614C4B02037 /* CortexCore */; };
/* End PBXBuildFile section */

/* Begin PBXFileReference section */
		53E16599435F78B1D759D040 /* CortexApp.swift */ = {isa = PBXFileReference; lastKnownFileType = sourcecode.swift; path = CortexApp.swift; sourceTree = "<group>"; };
		80F02AD524525284233CF578 /* ContentView.swift */ = {isa = PBXFileReference; lastKnownFileType = sourcecode.swift; path = ContentView.swift; sourceTree = "<group>"; };
		CA12D1B3870108C6409792F1 /* CortexApp.app */ = {isa = PBXFileReference; explicitFileType = wrapper.application; includeInIndex = 0; path = CortexApp.app; sourceTree = BUILT_PRODUCTS_DIR; };
		E5F1EE2DB0EA8E5B2959E866 /* MessageRouter.swift */ = {isa = PBXFileReference; lastKnownFileType = sourcecode.swift; path = MessageRouter.swift; sourceTree = "<group>"; };
		EA281BE16748F6FBC8CE633B /* cortex-app */ = {isa = PBXFileReference; lastKnownFileType = folder; name = "cortex-app"; path = .; sourceTree = SOURCE_ROOT; };
/* End PBXFileReference section */

/* Begin PBXFrameworksBuildPhase section */
		238A54399817C2602F1E1934 /* Frameworks */ = {
			isa = PBXFrameworksBuildPhase;
			buildActionMask = 2147483647;
			files = (
				EC5273343D7465AE5C839711 /* CortexCore in Frameworks */,
			);
			runOnlyForDeploymentPostprocessing = 0;
		};
/* End PBXFrameworksBuildPhase section */

/* Begin PBXGroup section */
		1D1B49904A0D416892C48696 /* Products */ = {
			isa = PBXGroup;
			children = (
				CA12D1B3870108C6409792F1 /* CortexApp.app */,
			);
			name = Products;
			sourceTree = "<group>";
		};
		42F7EC37185211EF2F19D26A = {
			isa = PBXGroup;
			children = (
				AE4CEADB326FADEBC16CC91E /* CortexApp */,
				F8742099C1158FDCBB9D39B6 /* Packages */,
				1D1B49904A0D416892C48696 /* Products */,
			);
			sourceTree = "<group>";
		};
		AE4CEADB326FADEBC16CC91E /* CortexApp */ = {
			isa = PBXGroup;
			children = (
				80F02AD524525284233CF578 /* ContentView.swift */,
				53E16599435F78B1D759D040 /* CortexApp.swift */,
				E5F1EE2DB0EA8E5B2959E866 /* MessageRouter.swift */,
			);
			name = CortexApp;
			path = Sources/CortexApp;
			sourceTree = "<group>";
		};
		F8742099C1158FDCBB9D39B6 /* Packages */ = {
			isa = PBXGroup;
			children = (
				EA281BE16748F6FBC8CE633B /* cortex-app */,
			);
			name = Packages;
			sourceTree = "<group>";
		};
/* End PBXGroup section */

/* Begin PBXNativeTarget section */
		BEFAD4A3362D361761CDADC3 /* CortexApp */ = {
			isa = PBXNativeTarget;
			buildConfigurationList = 07D8BF9C8DF7506A88344347 /* Build configuration list for PBXNativeTarget "CortexApp" */;
			buildPhases = (
				8B8E27D3A5D703752E76C129 /* Sources */,
				238A54399817C2602F1E1934 /* Frameworks */,
			);
			buildRules = (
			);
			dependencies = (
			);
			name = CortexApp;
			packageProductDependencies = (
				43220FAF72045614C4B02037 /* CortexCore */,
			);
			productName = CortexApp;
			productReference = CA12D1B3870108C6409792F1 /* CortexApp.app */;
			productType = "com.apple.product-type.application";
		};
/* End PBXNativeTarget section */

/* Begin PBXProject section */
		09BD99303FD40A02654C9A96 /* Project object */ = {
			isa = PBXProject;
			attributes = {
				BuildIndependentTargetsInParallel = YES;
				LastUpgradeCheck = 1600;
			};
			buildConfigurationList = 05BAEA8D70A8F68D4E7A56F2 /* Build configuration list for PBXProject "CortexApp" */;
			compatibilityVersion = "Xcode 14.0";
			developmentRegion = en;
			hasScannedForEncodings = 0;
			knownRegions = (
				Base,
				en,
			);
			mainGroup = 42F7EC37185211EF2F19D26A;
			minimizedProjectReferenceProxies = 1;
			packageReferences = (
				693B60D7482833FFBC884018 /* XCLocalSwiftPackageReference "." */,
			);
			preferredProjectObjectVersion = 77;
			projectDirPath = "";
			projectRoot = "";
			targets = (
				BEFAD4A3362D361761CDADC3 /* CortexApp */,
			);
		};
/* End PBXProject section */

/* Begin PBXSourcesBuildPhase section */
		8B8E27D3A5D703752E76C129 /* Sources */ = {
			isa = PBXSourcesBuildPhase;
			buildActionMask = 2147483647;
			files = (
				6540148878FB273F6ABD0F11 /* ContentView.swift in Sources */,
				C17C9B14B798262FE959F9E7 /* CortexApp.swift in Sources */,
				1A28D24AB989369F108011BF /* MessageRouter.swift in Sources */,
			);
			runOnlyForDeploymentPostprocessing = 0;
		};
/* End PBXSourcesBuildPhase section */

/* Begin XCBuildConfiguration section */
		5C2CE57C50AC0BD50FE3F519 /* Release */ = {
			isa = XCBuildConfiguration;
			buildSettings = {
				ASSETCATALOG_COMPILER_APPICON_NAME = AppIcon;
				CODE_SIGNING_REQUIRED = NO;
				CODE_SIGN_IDENTITY = "-";
				COMBINE_HIDPI_IMAGES = YES;
				CURRENT_PROJECT_VERSION = 1;
				GENERATE_INFOPLIST_FILE = YES;
				INFOPLIST_KEY_LSApplicationCategoryType = "public.app-category.finance";
				LD_RUNPATH_SEARCH_PATHS = (
					"$(inherited)",
					"@executable_path/../Frameworks",
				);
				MACOSX_DEPLOYMENT_TARGET = 14.0;
				MARKETING_VERSION = 1.0.0;
				PRODUCT_BUNDLE_IDENTIFIER = com.cortex.app;
				PRODUCT_NAME = CortexApp;
				SDKROOT = macosx;
			};
			name = Release;
		};
		622E5D2A8E4CAAFA9A05B3F5 /* Debug */ = {
			isa = XCBuildConfiguration;
			buildSettings = {
				ASSETCATALOG_COMPILER_APPICON_NAME = AppIcon;
				CODE_SIGNING_REQUIRED = NO;
				CODE_SIGN_IDENTITY = "-";
				COMBINE_HIDPI_IMAGES = YES;
				CURRENT_PROJECT_VERSION = 1;
				GENERATE_INFOPLIST_FILE = YES;
				INFOPLIST_KEY_LSApplicationCategoryType = "public.app-category.finance";
				LD_RUNPATH_SEARCH_PATHS = (
					"$(inherited)",
					"@executable_path/../Frameworks",
				);
				MACOSX_DEPLOYMENT_TARGET = 14.0;
				MARKETING_VERSION = 1.0.0;
				PRODUCT_BUNDLE_IDENTIFIER = com.cortex.app;
				PRODUCT_NAME = CortexApp;
				SDKROOT = macosx;
			};
			name = Debug;
		};
		D459E2D32B02ED565BBA1DCE /* Debug */ = {
			isa = XCBuildConfiguration;
			buildSettings = {
				ALWAYS_SEARCH_USER_PATHS = NO;
				CLANG_ANALYZER_NONNULL = YES;
				CLANG_ANALYZER_NUMBER_OBJECT_CONVERSION = YES_AGGRESSIVE;
				CLANG_CXX_LANGUAGE_STANDARD = "gnu++14";
				CLANG_CXX_LIBRARY = "libc++";
				CLANG_ENABLE_MODULES = YES;
				CLANG_ENABLE_OBJC_ARC = YES;
				CLANG_ENABLE_OBJC_WEAK = YES;
				CLANG_WARN_BLOCK_CAPTURE_AUTORELEASING = YES;
				CLANG_WARN_BOOL_CONVERSION = YES;
				CLANG_WARN_COMMA = YES;
				CLANG_WARN_CONSTANT_CONVERSION = YES;
				CLANG_WARN_DEPRECATED_OBJC_IMPLEMENTATIONS = YES;
				CLANG_WARN_DIRECT_OBJC_ISA_USAGE = YES_ERROR;
				CLANG_WARN_DOCUMENTATION_COMMENTS = YES;
				CLANG_WARN_EMPTY_BODY = YES;
				CLANG_WARN_ENUM_CONVERSION = YES;
				CLANG_WARN_INFINITE_RECURSION = YES;
				CLANG_WARN_INT_CONVERSION = YES;
				CLANG_WARN_NON_LITERAL_NULL_CONVERSION = YES;
				CLANG_WARN_OBJC_IMPLICIT_RETAIN_SELF = YES;
				CLANG_WARN_OBJC_LITERAL_CONVERSION = YES;
				CLANG_WARN_OBJC_ROOT_CLASS = YES_ERROR;
				CLANG_WARN_QUOTED_INCLUDE_IN_FRAMEWORK_HEADER = YES;
				CLANG_WARN_RANGE_LOOP_ANALYSIS = YES;
				CLANG_WARN_STRICT_PROTOTYPES = YES;
				CLANG_WARN_SUSPICIOUS_MOVE = YES;
				CLANG_WARN_UNGUARDED_AVAILABILITY = YES_AGGRESSIVE;
				CLANG_WARN_UNREACHABLE_CODE = YES;
				CLANG_WARN__DUPLICATE_METHOD_MATCH = YES;
				COPY_PHASE_STRIP = NO;
				DEBUG_INFORMATION_FORMAT = dwarf;
				ENABLE_STRICT_OBJC_MSGSEND = YES;
				ENABLE_TESTABILITY = YES;
				GCC_C_LANGUAGE_STANDARD = gnu11;
				GCC_DYNAMIC_NO_PIC = NO;
				GCC_NO_COMMON_BLOCKS = YES;
				GCC_OPTIMIZATION_LEVEL = 0;
				GCC_PREPROCESSOR_DEFINITIONS = (
					"$(inherited)",
					"DEBUG=1",
				);
				GCC_WARN_64_TO_32_BIT_CONVERSION = YES;
				GCC_WARN_ABOUT_RETURN_TYPE = YES_ERROR;
				GCC_WARN_UNDECLARED_SELECTOR = YES;
				GCC_WARN_UNINITIALIZED_AUTOS = YES_AGGRESSIVE;
				GCC_WARN_UNUSED_FUNCTION = YES;
				GCC_WARN_UNUSED_VARIABLE = YES;
				MACOSX_DEPLOYMENT_TARGET = 14.0;
				MTL_ENABLE_DEBUG_INFO = INCLUDE_SOURCE;
				MTL_FAST_MATH = YES;
				ONLY_ACTIVE_ARCH = YES;
				PRODUCT_NAME = "$(TARGET_NAME)";
				SDKROOT = macosx;
				SWIFT_ACTIVE_COMPILATION_CONDITIONS = DEBUG;
				SWIFT_OPTIMIZATION_LEVEL = "-Onone";
				SWIFT_VERSION = 5.0;
			};
			name = Debug;
		};
		FB072F9DF48C62698D49AC35 /* Release */ = {
			isa = XCBuildConfiguration;
			buildSettings = {
				ALWAYS_SEARCH_USER_PATHS = NO;
				CLANG_ANALYZER_NONNULL = YES;
				CLANG_ANALYZER_NUMBER_OBJECT_CONVERSION = YES_AGGRESSIVE;
				CLANG_CXX_LANGUAGE_STANDARD = "gnu++14";
				CLANG_CXX_LIBRARY = "libc++";
				CLANG_ENABLE_MODULES = YES;
				CLANG_ENABLE_OBJC_ARC = YES;
				CLANG_ENABLE_OBJC_WEAK = YES;
				CLANG_WARN_BLOCK_CAPTURE_AUTORELEASING = YES;
				CLANG_WARN_BOOL_CONVERSION = YES;
				CLANG_WARN_COMMA = YES;
				CLANG_WARN_CONSTANT_CONVERSION = YES;
				CLANG_WARN_DEPRECATED_OBJC_IMPLEMENTATIONS = YES;
				CLANG_WARN_DIRECT_OBJC_ISA_USAGE = YES_ERROR;
				CLANG_WARN_DOCUMENTATION_COMMENTS = YES;
				CLANG_WARN_EMPTY_BODY = YES;
				CLANG_WARN_ENUM_CONVERSION = YES;
				CLANG_WARN_INFINITE_RECURSION = YES;
				CLANG_WARN_INT_CONVERSION = YES;
				CLANG_WARN_NON_LITERAL_NULL_CONVERSION = YES;
				CLANG_WARN_OBJC_IMPLICIT_RETAIN_SELF = YES;
				CLANG_WARN_OBJC_LITERAL_CONVERSION = YES;
				CLANG_WARN_OBJC_ROOT_CLASS = YES_ERROR;
				CLANG_WARN_QUOTED_INCLUDE_IN_FRAMEWORK_HEADER = YES;
				CLANG_WARN_RANGE_LOOP_ANALYSIS = YES;
				CLANG_WARN_STRICT_PROTOTYPES = YES;
				CLANG_WARN_SUSPICIOUS_MOVE = YES;
				CLANG_WARN_UNGUARDED_AVAILABILITY = YES_AGGRESSIVE;
				CLANG_WARN_UNREACHABLE_CODE = YES;
				CLANG_WARN__DUPLICATE_METHOD_MATCH = YES;
				COPY_PHASE_STRIP = NO;
				DEBUG_INFORMATION_FORMAT = "dwarf-with-dsym";
				ENABLE_NS_ASSERTIONS = NO;
				ENABLE_STRICT_OBJC_MSGSEND = YES;
				GCC_C_LANGUAGE_STANDARD = gnu11;
				GCC_NO_COMMON_BLOCKS = YES;
				GCC_WARN_64_TO_32_BIT_CONVERSION = YES;
				GCC_WARN_ABOUT_RETURN_TYPE = YES_ERROR;
				GCC_WARN_UNDECLARED_SELECTOR = YES;
				GCC_WARN_UNINITIALIZED_AUTOS = YES_AGGRESSIVE;
				GCC_WARN_UNUSED_FUNCTION = YES;
				GCC_WARN_UNUSED_VARIABLE = YES;
				MACOSX_DEPLOYMENT_TARGET = 14.0;
				MTL_ENABLE_DEBUG_INFO = NO;
				MTL_FAST_MATH = YES;
				PRODUCT_NAME = "$(TARGET_NAME)";
				SDKROOT = macosx;
				SWIFT_COMPILATION_MODE = wholemodule;
				SWIFT_OPTIMIZATION_LEVEL = "-O";
				SWIFT_VERSION = 5.0;
			};
			name = Release;
		};
/* End XCBuildConfiguration section */

/* Begin XCConfigurationList section */
		05BAEA8D70A8F68D4E7A56F2 /* Build configuration list for PBXProject "CortexApp" */ = {
			isa = XCConfigurationList;
			buildConfigurations = (
				D459E2D32B02ED565BBA1DCE /* Debug */,
				FB072F9DF48C62698D49AC35 /* Release */,
			);
			defaultConfigurationIsVisible = 0;
			defaultConfigurationName = Debug;
		};
		07D8BF9C8DF7506A88344347 /* Build configuration list for PBXNativeTarget "CortexApp" */ = {
			isa = XCConfigurationList;
			buildConfigurations = (
				622E5D2A8E4CAAFA9A05B3F5 /* Debug */,
				5C2CE57C50AC0BD50FE3F519 /* Release */,
			);
			defaultConfigurationIsVisible = 0;
			defaultConfigurationName = Debug;
		};
/* End XCConfigurationList section */

/* Begin XCLocalSwiftPackageReference section */
		693B60D7482833FFBC884018 /* XCLocalSwiftPackageReference "." */ = {
			isa = XCLocalSwiftPackageReference;
			relativePath = .;
		};
/* End XCLocalSwiftPackageReference section */

/* Begin XCSwiftPackageProductDependency section */
		43220FAF72045614C4B02037 /* CortexCore */ = {
			isa = XCSwiftPackageProductDependency;
			productName = CortexCore;
		};
/* End XCSwiftPackageProductDependency section */
	};
	rootObject = 09BD99303FD40A02654C9A96 /* Project object */;
}
